{
  "name": "name-app",
  "version": "0.0.1",
  "lockfileVersion": 1,
  "requires": true,
  "dependencies": {
    "abort-controller": {
      "version": "3.0.0",
      "resolved": "https://registry.npmjs.org/abort-controller/-/abort-controller-3.0.0.tgz",
      "integrity": "sha512-h8lQ8tacZYnR3vNQTgibj+tODHI5/+l06Au2Pcriv/Gmet0eaj4TwWH41sO9wnHDiQsEj19q0drzdWdeAHtweg==",
      "requires": {
        "event-target-shim": "^5.0.0"
      }
    },
    "amdefine": {
      "version": "1.0.1",
      "resolved": "https://registry.npmjs.org/amdefine/-/amdefine-1.0.1.tgz",
      "integrity": "sha512-S2Hw0TtNkMJhIabBwIojKL9YHO5T0n5eNqWJ7Lrlel/zDbftQpxpapi8tZs3X1HWa+u+QeydGmzzNU0m09+Rcg=="
    },
    "async": {
      "version": "0.2.10",
      "resolved": "https://registry.npmjs.org/async/-/async-0.2.10.tgz",
      "integrity": "sha512-eAkdoKxU6/LkKDBzLpT+t6Ff5EtfSF4wx1WfJiPEEV7WNLnDaRXk0oVysiEPm262roaachGexwUv94WhSgN5TQ=="
    },
    "balanced-match": {
      "version": "1.0.0",
      "resolved": "https://registry.npmjs.org/balanced-match/-/balanced-match-1.0.0.tgz",
      "integrity": "sha1-ibTRmasr7kneFk6gK4nORi1xt2c="
    },
    "bl": {
      "version": "2.2.1",
      "resolved": "https://registry.npmjs.org/bl/-/bl-2.2.1.tgz",
      "integrity": "sha512-6Pesp1w0DEX1N550i/uGV/TqucVL4AM/pgThFSN/Qq9si1/DF9aIHs1BxD8V/QU0HoeHO6cQRTAuYnLPKq1e4g==",
      "requires": {
        "readable-stream": "^2.3.5",
        "safe-buffer": "^5.1.1"
      }
    },
    "body-parser": {
      "version": "1.0.2",
      "resolved": "https://registry.npmjs.org/body-parser/-/body-parser-1.0.2.tgz",
      "integrity": "sha512-/VlRWmVVwfh8rYG/MHGIwesdJYdxBgeddggFG5ssLfX/Qhwt4NKEQhvzwdzVRcy2RhLxni1MKe0uuPfP/unjyw==",
      "requires": {
        "qs": "~0.6.6",
        "raw-body": "~1.1.2",
        "type-is": "~1.1.0"
      },
      "dependencies": {
        "bytes": {
          "version": "1.0.0",
          "resolved": "https://registry.npmjs.org/bytes/-/bytes-1.0.0.tgz",
          "integrity": "sha512-/x68VkHLeTl3/Ll8IvxdwzhrT+IyKc52e/oyHhA2RwqPqswSnjVbSddfPRwAsJtbilMAPSRWwAlpxdYsSWOTKQ=="
        },
        "qs": {
          "version": "0.6.6",
          "resolved": "https://registry.npmjs.org/qs/-/qs-0.6.6.tgz",
          "integrity": "sha512-kN+yNdAf29Jgp+AYHUmC7X4QdJPR8czuMWLNLc0aRxkQ7tB3vJQEONKKT9ou/rW7EbqVec11srC9q9BiVbcnHA=="
        },
        "raw-body": {
          "version": "1.1.7",
          "resolved": "https://registry.npmjs.org/raw-body/-/raw-body-1.1.7.tgz",
          "integrity": "sha512-WmJJU2e9Y6M5UzTOkHaM7xJGAPQD8PNzx3bAd2+uhZAim6wDk6dAZxPVYLF67XhbR4hmKGh33Lpmh4XWrCH5Mg==",
          "requires": {
            "bytes": "1",
            "string_decoder": "0.10"
          }
        },
        "type-is": {
          "version": "1.1.0",
          "resolved": "https://registry.npmjs.org/type-is/-/type-is-1.1.0.tgz",
          "integrity": "sha512-bGTRFAlk7i/YYyx/d1xYm6gLrALwTcY2HLwsVqAIPKJjjtlI/rGXRgjQrcOln2fcHCbAqi0hrueZ2yPnHvCipQ==",
          "requires": {
            "mime": "~1.2.11"
          }
        }
      }
    },
    "brace-expansion": {
      "version": "1.1.11",
      "resolved": "https://registry.npmjs.org/brace-expansion/-/brace-expansion-1.1.11.tgz",
      "integrity": "sha512-iCuPHDFgrHX7H2vEI/5xpz07zSHB00TpugqhmYtVmMO6518mCuRMoOYFldEBl0g187ufozdaHgWKcYFb61qGiA==",
      "requires": {
        "balanced-match": "^1.0.0",
        "concat-map": "0.0.1"
      }
    },
    "bson": {
      "version": "1.1.6",
      "resolved": "https://registry.npmjs.org/bson/-/bson-1.1.6.tgz",
      "integrity": "sha512-EvVNVeGo4tHxwi8L6bPj3y3itEvStdwvvlojVxxbyYfoaxJ6keLgrTuKdyfEAszFK+H3olzBuafE0yoh0D1gdg=="
    },
    "buffer-crc32": {
      "version": "0.2.1",
      "resolved": "https://registry.npmjs.org/buffer-crc32/-/buffer-crc32-0.2.1.tgz",
      "integrity": "sha512-vMfBIRp/wjlpueSz7Sb0OmO7C5SH58SSmbsT8G4D48YfO/Zgbr29xNXMpZVSC14ujVJfrZZH1Bl+kXYRQPuvfQ=="
    },
    "camelcase": {
      "version": "1.2.1",
      "resolved": "https://registry.npmjs.org/camelcase/-/camelcase-1.2.1.tgz",
      "integrity": "sha512-wzLkDa4K/mzI1OSITC+DUyjgIl/ETNHE9QvYgy6J6Jvqyyz4C0Xfd+lQhb19sX2jMpZV4IssUn0VDVmglV+s4g=="
    },
    "character-parser": {
      "version": "1.2.0",
      "resolved": "https://registry.npmjs.org/character-parser/-/character-parser-1.2.0.tgz",
      "integrity": "sha512-FtpaoJWMk2JsI8h/Qhc5cLQMMT8cbqxDJ/vP2t5a1TcjnSPHGj0dcovj5H6lR5gzMAgJbe5dlIfbx1rGufvHgw=="
    },
    "colors": {
      "version": "1.4.0",
      "resolved": "https://registry.npmjs.org/colors/-/colors-1.4.0.tgz",
      "integrity": "sha512-a+UqTh4kgZg/SlGvfbzDHpgRu7AAQOmmqRHJnxhRZICKFUT91brVhNNt58CMWU9PsBbv3PDCZUHbVxuDiH2mtA=="
    },
    "commander": {
      "version": "2.1.0",
      "resolved": "https://registry.npmjs.org/commander/-/commander-2.1.0.tgz",
      "integrity": "sha512-J2wnb6TKniXNOtoHS8TSrG9IOQluPrsmyAJ8oCUJOBmv+uLBCyPYAZkD2jFvw2DCzIXNnISIM01NIvr35TkBMQ=="
    },
    "concat-map": {
      "version": "0.0.1",
      "resolved": "https://registry.npmjs.org/concat-map/-/concat-map-0.0.1.tgz",
      "integrity": "sha1-2Klr13/Wjfd5OnMDajug1UBdR3s="
    },
    "constantinople": {
      "version": "2.0.1",
      "resolved": "https://registry.npmjs.org/constantinople/-/constantinople-2.0.1.tgz",
      "integrity": "sha512-ZF+ejGc/Gu8ucEaiTOgbptlCxKnzHtUaS7rwB/ZYjnoCZxZyuu82V6zQB/Ax/CS/rp/x2FI/x8gQxrtC4ekxlw==",
      "requires": {
        "uglify-js": "~2.4.0"
      }
    },
    "cookie": {
      "version": "0.1.0",
      "resolved": "https://registry.npmjs.org/cookie/-/cookie-0.1.0.tgz",
      "integrity": "sha512-YSNOBX085/nzHvrTLEHYHoNdkvpLU1MPjU3r1IGawudZJjfuqnRNIFrcOJJ7bfwC+HWbHL1Y4yMkC0O+HWjV7w=="
    },
    "cookie-parser": {
      "version": "1.0.1",
      "resolved": "https://registry.npmjs.org/cookie-parser/-/cookie-parser-1.0.1.tgz",
      "integrity": "sha512-IDZgX9fLt2jBmlUQdLIp7oH3RdNq/kYH5JDKY6+gWNemY5SJVTMJk+ZKfjfHgJBc+h9dppDAocUxOP94dDH2Iw==",
      "requires": {
        "cookie": "0.1.0",
        "cookie-signature": "1.0.3"
      }
    },
    "cookie-signature": {
      "version": "1.0.3",
      "resolved": "https://registry.npmjs.org/cookie-signature/-/cookie-signature-1.0.3.tgz",
      "integrity": "sha512-/KzKzsm0OlguYov01OlOpTkX5MhBKUmfL/KMum7R80rPKheb9AwUzr78TwtBt1OdbnWrt4X+wxbTfcQ3noZqHw=="
    },
    "core-util-is": {
      "version": "1.0.2",
      "resolved": "https://registry.npmjs.org/core-util-is/-/core-util-is-1.0.2.tgz",
      "integrity": "sha1-tf1UIgqivFq1eqtxQMlAdUUDwac="
    },
    "css": {
      "version": "1.0.8",
      "resolved": "https://registry.npmjs.org/css/-/css-1.0.8.tgz",
      "integrity": "sha512-qmTYWhHk910nQWnGqMAiWWPQlB6tESiWgNebQJmiozOAGcBAQ1+U/UzUOkhdrcshlkSRRiKWodwmVvO0OmnIGg==",
      "requires": {
        "css-parse": "1.0.4",
        "css-stringify": "1.0.5"
      }
    },
    "css-parse": {
      "version": "1.0.4",
      "resolved": "https://registry.npmjs.org/css-parse/-/css-parse-1.0.4.tgz",
      "integrity": "sha512-pfstzKVRZiHprDXdsmtfH1HYUEw22lzjuHdnpe1hscwoQvgW2C5zDQIBE0RKoALEReTn9W1ECdY8uaT/kO4VfA=="
    },
    "css-stringify": {
      "version": "1.0.5",
      "resolved": "https://registry.npmjs.org/css-stringify/-/css-stringify-1.0.5.tgz",
      "integrity": "sha512-aIThpcErhG5EyHorGqNlTh0TduNBqLrrXLO3x5rku3ZKBxuVfY+T7noyM2G2X/01iQANqJUb6d3+FLoa+N7Xwg=="
    },
    "data-uri-to-buffer": {
      "version": "4.0.0",
      "resolved": "https://registry.npmjs.org/data-uri-to-buffer/-/data-uri-to-buffer-4.0.0.tgz",
      "integrity": "sha512-Vr3mLBA8qWmcuschSLAOogKgQ/Jwxulv3RNE4FXnYWRGujzrRWQI4m12fQqRkwX06C0KanhLr4hK+GydchZsaA=="
    },
    "debug": {
      "version": "0.7.4",
      "resolved": "https://registry.npmjs.org/debug/-/debug-0.7.4.tgz",
      "integrity": "sha512-EohAb3+DSHSGx8carOSKJe8G0ayV5/i609OD0J2orCkuyae7SyZSz2aoLmQF2s0Pj5gITDebwPH7GFBlqOUQ1Q=="
    },
    "decamelize": {
      "version": "1.2.0",
      "resolved": "https://registry.npmjs.org/decamelize/-/decamelize-1.2.0.tgz",
      "integrity": "sha512-z2S+W9X73hAUUki+N+9Za2lBlun89zigOyGrsax+KUQ6wKW4ZoWpEYBkGhQjwAjjDCkWxhY0VKEhk8wzY7F5cA=="
    },
    "denque": {
      "version": "1.5.1",
      "resolved": "https://registry.npmjs.org/denque/-/denque-1.5.1.tgz",
      "integrity": "sha512-XwE+iZ4D6ZUB7mfYRMb5wByE8L74HCn30FBN7sWnXksWc1LO1bPDl67pBR9o/kC4z/xSNAwkMYcGgqDV3BE3Hw=="
    },
    "event-target-shim": {
      "version": "5.0.1",
      "resolved": "https://registry.npmjs.org/event-target-shim/-/event-target-shim-5.0.1.tgz",
      "integrity": "sha512-i/2XbnSz/uxRCU6+NdVJgKWDTM427+MqYbkQzD321DuCQJUqOuJKIA0IM2+W2xtYHdKOmZ4dR6fExsd4SXL+WQ=="
    },
    "express": {
      "version": "4.0.0",
      "resolved": "https://registry.npmjs.org/express/-/express-4.0.0.tgz",
      "integrity": "sha512-HP2D9TkAYTAfau6FklzmchQQH/7Dh/JmbrbiJanV80rO12Kc00z5tDrqahBG3fR6x/RuUZvpEwiQ91b7UhJ8qQ==",
      "requires": {
        "accepts": "1.0.0",
        "buffer-crc32": "0.2.1",
        "cookie": "0.1.0",
        "cookie-signature": "1.0.3",
        "debug": ">= 0.7.3 < 1",
        "escape-html": "1.0.1",
        "fresh": "0.2.2",
        "merge-descriptors": "0.0.2",
        "methods": "0.1.0",
        "parseurl": "1.0.1",
        "path-to-regexp": "0.1.2",
        "qs": "0.6.6",
        "range-parser": "1.0.0",
        "send": "0.2.0",
        "serve-static": "1.0.1",
        "type-is": "1.0.0",
        "utils-merge": "1.0.0"
      },
      "dependencies": {
        "accepts": {
          "version": "1.0.0",
          "resolved": "https://registry.npmjs.org/accepts/-/accepts-1.0.0.tgz",
          "integrity": "sha512-2GdyQ5yRXA5MZi1gmU/XUFQTo7FtXsR2Jt90pl1pQftbsRdXQn69Mycn7xNGxVVmu1xdzZKe/GyMHnDlcV7ojg==",
          "requires": {
            "mime": "~1.2.11",
            "negotiator": "~0.3.0"
          }
        },
        "escape-html": {
          "version": "1.0.1",
          "resolved": "https://registry.npmjs.org/escape-html/-/escape-html-1.0.1.tgz",
          "integrity": "sha512-z6kAnok8fqVTra7Yu77dZF2Y6ETJlxH58wN38wNyuNQLm8xXdKnfNrlSmfXsTePWP03rRVUKHubtUwanwUi7+g=="
        },
        "fresh": {
          "version": "0.2.2",
          "resolved": "https://registry.npmjs.org/fresh/-/fresh-0.2.2.tgz",
          "integrity": "sha512-ZGGi8GROK//ijm2gB33sUuN9TjN1tC/dvG4Bt4j6IWrVGpMmudUBCxx+Ir7qePsdREfkpQC4FL8W0jeSOsgv1w=="
        },
        "negotiator": {
          "version": "0.3.0",
          "resolved": "https://registry.npmjs.org/negotiator/-/negotiator-0.3.0.tgz",
          "integrity": "sha512-q9wF64uB31BDZQ44DWf+8gE7y8xSpBdREAsJfnBO2WX9ecsutfUO6S9uWEdixlDLOlWaqnlnFXXwZxUUmyLfgg=="
        },
        "parseurl": {
          "version": "1.0.1",
          "resolved": "https://registry.npmjs.org/parseurl/-/parseurl-1.0.1.tgz",
          "integrity": "sha512-6W9+0+9Ihayqwjgp4OaLLqZ3KDtqPY2PtUPz8YNiy4PamjJv+7x6J9GO93O9rUZOLgaanTPxsKTasxqKkO1iSw=="
        },
        "qs": {
          "version": "0.6.6",
          "resolved": "https://registry.npmjs.org/qs/-/qs-0.6.6.tgz",
          "integrity": "sha512-kN+yNdAf29Jgp+AYHUmC7X4QdJPR8czuMWLNLc0aRxkQ7tB3vJQEONKKT9ou/rW7EbqVec11srC9q9BiVbcnHA=="
        },
        "type-is": {
          "version": "1.0.0",
          "resolved": "https://registry.npmjs.org/type-is/-/type-is-1.0.0.tgz",
          "integrity": "sha512-CLdmAJgLeMtSPcTFX3eDdC1+ysfYoVdcYjMtuDtg23/fhHXoP5quNsvobr05ZNlG7og+oHQ4bosEzJX++DlIzQ==",
          "requires": {
            "mime": "~1.2.11"
          }
        }
      }
    },
    "fetch-blob": {
      "version": "3.1.5",
      "resolved": "https://registry.npmjs.org/fetch-blob/-/fetch-blob-3.1.5.tgz",
      "integrity": "sha512-N64ZpKqoLejlrwkIAnb9iLSA3Vx/kjgzpcDhygcqJ2KKjky8nCgUQ+dzXtbrLaWZGZNmNfQTsiQ0weZ1svglHg==",
      "requires": {
        "node-domexception": "^1.0.0",
        "web-streams-polyfill": "^3.0.3"
      },
      "dependencies": {
        "web-streams-polyfill": {
          "version": "3.2.1",
          "resolved": "https://registry.npmjs.org/web-streams-polyfill/-/web-streams-polyfill-3.2.1.tgz",
          "integrity": "sha512-e0MO3wdXWKrLbL0DgGnUV7WHVuw9OUvL4hjgnPkIeEvESk74gAITi5G606JtZPp39cd8HA9VQzCIvA49LpPN5Q=="
        }
      }
    },
    "form-data-encoder": {
      "version": "1.7.2",
      "resolved": "https://registry.npmjs.org/form-data-encoder/-/form-data-encoder-1.7.2.tgz",
      "integrity": "sha512-qfqtYan3rxrnCk1VYaA4H+Ms9xdpPqvLZa6xmMgFvhO32x7/3J/ExcTd6qpxM0vH2GdMI+poehyBZvqfMTto8A=="
    },
    "formdata-node": {
      "version": "4.3.3",
      "resolved": "https://registry.npmjs.org/formdata-node/-/formdata-node-4.3.3.tgz",
      "integrity": "sha512-coTew7WODO2vF+XhpUdmYz4UBvlsiTMSNaFYZlrXIqYbFd4W7bMwnoALNLE6uvNgzTg2j1JDF0ZImEfF06VPAA==",
      "requires": {
        "node-domexception": "1.0.0",
        "web-streams-polyfill": "4.0.0-beta.1"
      }
    },
    "formdata-polyfill": {
      "version": "4.0.10",
      "resolved": "https://registry.npmjs.org/formdata-polyfill/-/formdata-polyfill-4.0.10.tgz",
      "integrity": "sha512-buewHzMvYL29jdeQTVILecSaZKnt/RJWjoZCF5OW60Z67/GmSLBkOFM7qh1PI3zFNtJbaZL5eQu1vLfazOwj4g==",
      "requires": {
        "fetch-blob": "^3.1.2"
      }
    },
    "inherits": {
      "version": "2.0.4",
      "resolved": "https://registry.npmjs.org/inherits/-/inherits-2.0.4.tgz",
      "integrity": "sha512-k/vGaX4/Yla3WzyMCvTQOXYeIHvqOKtnqBduzTHpzpQZzAskKMhZ2K+EnBiSM9zGSoIFeMpXKxa4dYeZIQqewQ=="
    },
    "inspectable": {
      "version": "1.2.1",
      "resolved": "https://registry.npmjs.org/inspectable/-/inspectable-1.2.1.tgz",
      "integrity": "sha512-OKfL06Szd6TW5asTRtsmiAZXeli85jHQHmgN5YepTlxOh3gj/1PZA0WR0BKFUOwDOo7sl0DMrJThmNi7u8PrWw=="
    },
    "is-promise": {
      "version": "1.0.1",
      "resolved": "https://registry.npmjs.org/is-promise/-/is-promise-1.0.1.tgz",
      "integrity": "sha512-mjWH5XxnhMA8cFnDchr6qRP9S/kLntKuEfIYku+PaN1CnS8v+OG9O/BKpRCVRJvpIkgAZm0Pf5Is3iSSOILlcg=="
    },
    "isarray": {
      "version": "1.0.0",
      "resolved": "https://registry.npmjs.org/isarray/-/isarray-1.0.0.tgz",
      "integrity": "sha1-u5NdSFgsuhaMBoNJV6VKPgcSTxE="
    },
    "jade": {
      "version": "1.3.1",
      "resolved": "https://registry.npmjs.org/jade/-/jade-1.3.1.tgz",
      "integrity": "sha512-21JjsbK/7cBNTBLpkN+1WRTvA3mYc7SMQWYc025NRggDLkKKqHGCiBVmF9ND/i/STmzmROe8hfgfHzbdL50N5w==",
      "requires": {
        "character-parser": "1.2.0",
        "commander": "2.1.0",
        "constantinople": "~2.0.0",
        "mkdirp": "~0.3.5",
        "monocle": "1.1.51",
        "transformers": "2.1.0",
        "with": "~3.0.0"
      },
      "dependencies": {
        "mkdirp": {
          "version": "0.3.5",
          "resolved": "https://registry.npmjs.org/mkdirp/-/mkdirp-0.3.5.tgz",
          "integrity": "sha512-8OCq0De/h9ZxseqzCH8Kw/Filf5pF/vMI6+BH7Lu0jXz2pqYCjTAQRolSxRIi+Ax+oCCjlxoJMP0YQ4XlrQNHg=="
        }
      }
    },
    "memory-pager": {
      "version": "1.5.0",
      "resolved": "https://registry.npmjs.org/memory-pager/-/memory-pager-1.5.0.tgz",
      "integrity": "sha512-ZS4Bp4r/Zoeq6+NLJpP+0Zzm0pR8whtGPf1XExKLJBAczGMnSi3It14OiNCStjQjM6NU1okjQGSxgEZN8eBYKg==",
      "optional": true
    },
    "merge-descriptors": {
      "version": "0.0.2",
      "resolved": "https://registry.npmjs.org/merge-descriptors/-/merge-descriptors-0.0.2.tgz",
      "integrity": "sha512-dYBT4Ep+t/qnPeJcnMymmhTdd4g8/hn48ciaDqLAkfRf8abzLPS6Rb6EBdz5CZCL8tzZuI5ps9MhGQGxk+EuKg=="
    },
    "methods": {
      "version": "0.1.0",
      "resolved": "https://registry.npmjs.org/methods/-/methods-0.1.0.tgz",
      "integrity": "sha512-N4cn4CbDqu7Fp3AT4z3AsO19calgczhsmCGzXLCiUOrWg9sjb1B+yKFKOrnnPGKKvjyJBmw+k6b3adFN2LbuBw=="
    },
    "middleware-io": {
      "version": "2.8.0",
      "resolved": "https://registry.npmjs.org/middleware-io/-/middleware-io-2.8.0.tgz",
      "integrity": "sha512-0H1cmtQwo2GGhfpTeoqcN/tdJNoCgZ5QVPK7xRMEkiL1mYzEF3bEQt8AMDJ6OAV0bUNU/c8nL5lRymdkLPRb9w=="
    },
    "mime": {
      "version": "1.2.11",
      "resolved": "https://registry.npmjs.org/mime/-/mime-1.2.11.tgz",
      "integrity": "sha512-Ysa2F/nqTNGHhhm9MV8ure4+Hc+Y8AWiqUdHxsO7xu8zc92ND9f3kpALHjaP026Ft17UfxrMt95c50PLUeynBw=="
    },
    "minimatch": {
      "version": "3.0.4",
      "resolved": "https://registry.npmjs.org/minimatch/-/minimatch-3.0.4.tgz",
      "integrity": "sha512-yJHVQEhyqPLUTgt9B83PXu6W3rx4MvvHvSUvToogpwoGDOUQ+yDrR0HRot+yOCdCO7u4hX3pWft6kWBBcqh0UA==",
      "requires": {
        "brace-expansion": "^1.1.7"
      }
    },
    "mongodb": {
      "version": "3.7.3",
      "resolved": "https://registry.npmjs.org/mongodb/-/mongodb-3.7.3.tgz",
      "integrity": "sha512-Psm+g3/wHXhjBEktkxXsFMZvd3nemI0r3IPsE0bU+4//PnvNWKkzhZcEsbPcYiWqe8XqXJJEg4Tgtr7Raw67Yw==",
      "requires": {
        "bl": "^2.2.1",
        "bson": "^1.1.4",
        "denque": "^1.4.1",
        "optional-require": "^1.1.8",
        "safe-buffer": "^5.1.2",
        "saslprep": "^1.0.0"
      }
    },
    "monocle": {
      "version": "1.1.51",
      "resolved": "https://registry.npmjs.org/monocle/-/monocle-1.1.51.tgz",
      "integrity": "sha512-G2ozHlK2+Z+oAvKSJ4pN0a7pLvCOWMDuHgtdARDt1uRyak9klMwg71ac37SWeULSzrkV0N75A0z9JaYtqXji1w==",
      "requires": {
        "readdirp": "~0.2.3"
      }
    },
    "morgan": {
      "version": "1.0.1",
      "resolved": "https://registry.npmjs.org/morgan/-/morgan-1.0.1.tgz",
      "integrity": "sha512-G98mdPQGAEjWyw2oyxDgS/iH83wtbTrEuzqgjNtO2nhG/GSkpH/nj6I69HQar1YDr+gn0VeKqWCbuHZj3sHhMg==",
      "requires": {
        "bytes": "0.3.0"
      },
      "dependencies": {
        "bytes": {
          "version": "0.3.0",
          "resolved": "https://registry.npmjs.org/bytes/-/bytes-0.3.0.tgz",
          "integrity": "sha512-koasz05sePZ8FLtyBSyGGlrvr1DYqr+D/MFXkz9afRugTCGKuqw6fjWMMmaCWEKtmWpgOnaGI4qlw/hPyyYX6g=="
        }
      }
    },
    "ms": {
      "version": "2.1.2",
      "resolved": "https://registry.npmjs.org/ms/-/ms-2.1.2.tgz",
      "integrity": "sha512-sGkPx+VjMtmA6MX27oA4FBFELFCZZ4S4XqeGOXCv68tT+jb3vk/RyaKWP0PTKyWtmLSM0b+adUTEvbs1PEaH2w=="
    },
    "node-datetime": {
      "version": "2.1.2",
      "resolved": "https://registry.npmjs.org/node-datetime/-/node-datetime-2.1.2.tgz",
      "integrity": "sha512-eev1F0IPKSu3zvASMtH8ic4znGpfXdq9yc8yc/EVx6bk57u7bS2iZKVZ8ll1ZeH/IEQ3qFb04FB70PCNXSIp4w=="
    },
    "node-domexception": {
      "version": "1.0.0",
      "resolved": "https://registry.npmjs.org/node-domexception/-/node-domexception-1.0.0.tgz",
      "integrity": "sha512-/jKZoMpw0F8GRwl4/eLROPA3cfcXtLApP0QzLmUT/HuPCZWyB7IY9ZrMeKw2O/nFIqPQB3PVM9aYm0F312AXDQ=="
    },
    "node-fetch": {
      "version": "3.2.6",
      "resolved": "https://registry.npmjs.org/node-fetch/-/node-fetch-3.2.6.tgz",
      "integrity": "sha512-LAy/HZnLADOVkVPubaxHDft29booGglPFDr2Hw0J1AercRh01UiVFm++KMDnJeH9sHgNB4hsXPii7Sgym/sTbw==",
      "requires": {
        "data-uri-to-buffer": "^4.0.0",
        "fetch-blob": "^3.1.4",
        "formdata-polyfill": "^4.0.10"
      }
    },
    "optimist": {
      "version": "0.3.7",
      "resolved": "https://registry.npmjs.org/optimist/-/optimist-0.3.7.tgz",
      "integrity": "sha512-TCx0dXQzVtSCg2OgY/bO9hjM9cV4XYx09TVK+s3+FhkjT6LovsLe+pPMzpWf+6yXK/hUizs2gUoTw3jHM0VaTQ==",
      "requires": {
        "wordwrap": "~0.0.2"
      }
    },
    "optional-require": {
      "version": "1.1.8",
      "resolved": "https://registry.npmjs.org/optional-require/-/optional-require-1.1.8.tgz",
      "integrity": "sha512-jq83qaUb0wNg9Krv1c5OQ+58EK+vHde6aBPzLvPPqJm89UQWsvSuFy9X/OSNJnFeSOKo7btE0n8Nl2+nE+z5nA==",
      "requires": {
        "require-at": "^1.0.6"
      }
    },
    "path-to-regexp": {
      "version": "0.1.2",
      "resolved": "https://registry.npmjs.org/path-to-regexp/-/path-to-regexp-0.1.2.tgz",
      "integrity": "sha512-BZU7Qr+qKkXJX9UBypMNikdZ85cQSjtfMhUykJFLJn4SNF0jhEbb9nMRpnNdA76ESryY8JpMA4k6XKdz3JS1pw=="
    },
    "process-nextick-args": {
      "version": "2.0.0",
      "resolved": "https://registry.npmjs.org/process-nextick-args/-/process-nextick-args-2.0.0.tgz",
      "integrity": "sha512-MtEC1TqN0EU5nephaJ4rAtThHtC86dNN9qCuEhtshvpVBkAW5ZO7BASN9REnF9eoXGcRub+pFuKEpOHE+HbEMw=="
    },
    "promise": {
      "version": "2.0.0",
      "resolved": "https://registry.npmjs.org/promise/-/promise-2.0.0.tgz",
      "integrity": "sha512-OgMc+sxI3zWF8D5BJGtA0z7/IsrDy1/0cPaDv6HPpqa2fSTo7AdON5U10NbZCUeF+zCAj3PtfPE50Hf02386aA==",
      "requires": {
        "is-promise": "~1"
      }
    },
    "range-parser": {
      "version": "1.0.0",
      "resolved": "https://registry.npmjs.org/range-parser/-/range-parser-1.0.0.tgz",
      "integrity": "sha512-wOH5LIH2ZHo0P7/bwkR+aNbJ+kv3CHVX4B8qs9GqbtY29fi1bGPV5xczrutN20G+Z4XhRqRMTW3q0S4iyJJPfw=="
    },
    "readable-stream": {
      "version": "2.3.7",
      "resolved": "https://registry.npmjs.org/readable-stream/-/readable-stream-2.3.7.tgz",
      "integrity": "sha512-Ebho8K4jIbHAxnuxi7o42OrZgF/ZTNcsZj6nRKyUmkhLFq8CHItp/fy6hQZuZmP/n3yZ9VBUbp4zz/mX8hmYPw==",
      "requires": {
        "core-util-is": "~1.0.0",
        "inherits": "~2.0.3",
        "isarray": "~1.0.0",
        "process-nextick-args": "~2.0.0",
        "safe-buffer": "~5.1.1",
        "string_decoder": "~1.1.1",
        "util-deprecate": "~1.0.1"
      },
      "dependencies": {
        "safe-buffer": {
          "version": "5.1.2",
          "resolved": "https://registry.npmjs.org/safe-buffer/-/safe-buffer-5.1.2.tgz",
          "integrity": "sha512-Gd2UZBJDkXlY7GbJxfsE8/nvKkUEU1G38c1siN6QP6a9PT9MmHB8GnpscSmMJSoF8LOIrt8ud/wPtojys4G6+g=="
        },
        "string_decoder": {
          "version": "1.1.1",
          "resolved": "https://registry.npmjs.org/string_decoder/-/string_decoder-1.1.1.tgz",
          "integrity": "sha512-n/ShnvDi6FHbbVfviro+WojiFzv+s8MPMHBczVePfUpDJLwoLT0ht1l4YwBCbi8pJAveEEdnkHyPyTP/mzRfwg==",
          "requires": {
            "safe-buffer": "~5.1.0"
          }
        }
      }
    },
    "readdirp": {
      "version": "0.2.5",
      "resolved": "https://registry.npmjs.org/readdirp/-/readdirp-0.2.5.tgz",
      "integrity": "sha512-j3/RLxRiCZSei/4UaYaOAqHa+rQ8ZL9vpolGO9E7mLXiVTb7Fu99eTG74ZmaB/4gCGgy7Veq+U6vw8y7sKJiTw==",
      "requires": {
        "minimatch": ">=0.2.4"
      }
    },
    "require-at": {
      "version": "1.0.6",
      "resolved": "https://registry.npmjs.org/require-at/-/require-at-1.0.6.tgz",
      "integrity": "sha512-7i1auJbMUrXEAZCOQ0VNJgmcT2VOKPRl2YGJwgpHpC9CE91Mv4/4UYIUm4chGJaI381ZDq1JUicFii64Hapd8g=="
    },
    "safe-buffer": {
      "version": "5.2.1",
      "resolved": "https://registry.npmjs.org/safe-buffer/-/safe-buffer-5.2.1.tgz",
      "integrity": "sha512-rp3So07KcdmmKbGvgaNxQSJr7bGVSVk5S9Eq1F+ppbRo70+YeaDxkw5Dd8NPN+GD6bjnYm2VuPuCXmpuYvmCXQ=="
    },
    "saslprep": {
      "version": "1.0.3",
      "resolved": "https://registry.npmjs.org/saslprep/-/saslprep-1.0.3.tgz",
      "integrity": "sha512-/MY/PEMbk2SuY5sScONwhUDsV2p77Znkb/q3nSVstq/yQzYJOH/Azh29p9oJLsl3LnQwSvZDKagDGBsBwSooag==",
      "optional": true,
      "requires": {
        "sparse-bitfield": "^3.0.3"
      }
    },
    "send": {
      "version": "0.2.0",
      "resolved": "https://registry.npmjs.org/send/-/send-0.2.0.tgz",
      "integrity": "sha512-CR/kej5a8BChsMJwpmAtqOgdGI3nemoRaPcoXj/choHibvaOfkYcohcAbd9aEG8MhL9CfRH3KlUb+oHZsdNmTg==",
      "requires": {
        "debug": "*",
        "fresh": "~0.2.1",
        "mime": "~1.2.9",
        "range-parser": "~1.0.0"
      },
      "dependencies": {
        "fresh": {
          "version": "0.2.4",
          "resolved": "https://registry.npmjs.org/fresh/-/fresh-0.2.4.tgz",
          "integrity": "sha512-mnBGgIFRNu54GtbkXy6+QKPYW/b5joAURorA8ELeJc/5BBNph6Go1NmHa9dt08ghFnhGuLenrUmNO8Za1CwEUQ=="
        }
      }
    },
    "serve-static": {
      "version": "1.0.1",
      "resolved": "https://registry.npmjs.org/serve-static/-/serve-static-1.0.1.tgz",
      "integrity": "sha512-bo0TWkZYykHO97QfRgoaXQQBBmyheAb3MeYFzufTXDHUdaTwJXFa8NejuKbt7UdovoUzB8lJn4gHGQSEC+R4Nw==",
      "requires": {
        "send": "0.1.4"
      },
      "dependencies": {
        "fresh": {
          "version": "0.2.0",
          "resolved": "https://registry.npmjs.org/fresh/-/fresh-0.2.0.tgz",
          "integrity": "sha512-ckGdAuSRr1wBmnq7CsW7eU37DBwQxHx3vW8foJUIrF56rkOy8Osm6Fe8KSwemwyKejivKki7jVBgpBpBJexmrw=="
        },
        "range-parser": {
          "version": "0.0.4",
          "resolved": "https://registry.npmjs.org/range-parser/-/range-parser-0.0.4.tgz",
          "integrity": "sha512-okJVEq9DbZyg+5lD8pr6ooQmeA0uu8DYIyAU7VK1WUUK7hctI1yw2ZHhKiKjB6RXaDrYRmTR4SsIHkyiQpaLMA=="
        },
        "send": {
          "version": "0.1.4",
          "resolved": "https://registry.npmjs.org/send/-/send-0.1.4.tgz",
          "integrity": "sha512-NJnIaB29/EcNqkNneUAm16oEVnzM2LeNBc/hmgKuExv2k9pCZQEw8SHJeCdjqesHJTyWAr7x5HjeOmRFS4BoFw==",
          "requires": {
            "debug": "*",
            "fresh": "0.2.0",
            "mime": "~1.2.9",
            "range-parser": "0.0.4"
          }
        }
      }
    },
    "source-map": {
      "version": "0.1.34",
      "resolved": "https://registry.npmjs.org/source-map/-/source-map-0.1.34.tgz",
      "integrity": "sha512-yfCwDj0vR9RTwt3pEzglgb3ZgmcXHt6DjG3bjJvzPwTL+5zDQ2MhmSzAcTy0GTiQuCiriSWXvWM1/NhKdXuoQA==",
      "requires": {
        "amdefine": ">=0.0.4"
      }
    },
    "sparse-bitfield": {
      "version": "3.0.3",
      "resolved": "https://registry.npmjs.org/sparse-bitfield/-/sparse-bitfield-3.0.3.tgz",
      "integrity": "sha512-kvzhi7vqKTfkh0PZU+2D2PIllw2ymqJKujUcyPMd9Y75Nv4nPbGJZXNhxsgdQab2BmlDct1YnfQCguEvHr7VsQ==",
      "optional": true,
      "requires": {
        "memory-pager": "^1.0.2"
      }
    },
    "static-favicon": {
      "version": "1.0.2",
      "resolved": "https://registry.npmjs.org/static-favicon/-/static-favicon-1.0.2.tgz",
      "integrity": "sha512-462dn/fhYwu7CWtOK+B3KAn6iFA2nlwfhM72Qkgm4HIGe3UAJ1BSJs3M9RIufQ2SrTmruzxB0ZCGHo5N7+lNpA=="
    },
    "string_decoder": {
      "version": "0.10.31",
      "resolved": "https://registry.npmjs.org/string_decoder/-/string_decoder-0.10.31.tgz",
      "integrity": "sha512-ev2QzSzWPYmy9GuqfIVildA4OdcGLeFZQrq5ys6RtiuF+RQQiZWr8TZNyAcuVXyQRYfEO+MsoB/1BuQVhOJuoQ=="
    },
    "transformers": {
      "version": "2.1.0",
      "resolved": "https://registry.npmjs.org/transformers/-/transformers-2.1.0.tgz",
      "integrity": "sha512-zJf5m2EIOngmBbDe2fhTPpCjzM2qkZVqrFJZc2jaln+KBeEaYKhS2QMOIkfVrNUyoOwqgbTwOHATzr3jZRQDyg==",
      "requires": {
        "css": "~1.0.8",
        "promise": "~2.0",
        "uglify-js": "~2.2.5"
      },
      "dependencies": {
        "uglify-js": {
          "version": "2.2.5",
          "resolved": "https://registry.npmjs.org/uglify-js/-/uglify-js-2.2.5.tgz",
          "integrity": "sha512-viLk+/8G0zm2aKt1JJAVcz5J/5ytdiNaIsKgrre3yvSUjwVG6ZUujGH7E2TiPigZUwLYCe7eaIUEP2Zka2VJPA==",
          "requires": {
            "optimist": "~0.3.5",
            "source-map": "~0.1.7"
          }
        }
      }
    },
    "uglify-js": {
      "version": "2.4.24",
      "resolved": "https://registry.npmjs.org/uglify-js/-/uglify-js-2.4.24.tgz",
      "integrity": "sha512-tktIjwackfZLd893KGJmXc1hrRHH1vH9Po3xFh1XBjjeGAnN02xJ3SuoA+n1L29/ZaCA18KzCFlckS+vfPugiA==",
      "requires": {
        "async": "~0.2.6",
        "source-map": "0.1.34",
        "uglify-to-browserify": "~1.0.0",
        "yargs": "~3.5.4"
      }
    },
    "uglify-to-browserify": {
      "version": "1.0.2",
      "resolved": "https://registry.npmjs.org/uglify-to-browserify/-/uglify-to-browserify-1.0.2.tgz",
      "integrity": "sha512-vb2s1lYx2xBtUgy+ta+b2J/GLVUR+wmpINwHePmPRhOsIVCG2wDzKJ0n14GslH1BifsqVzSOwQhRaCAsZ/nI4Q=="
    },
    "util-deprecate": {
      "version": "1.0.2",
      "resolved": "https://registry.npmjs.org/util-deprecate/-/util-deprecate-1.0.2.tgz",
      "integrity": "sha512-EPD5q1uXyFxJpCrLnCc1nHnq3gOa6DZBocAIiI2TaSCA7VCJ1UJDMagCzIkXNsUYfD1daK//LTEQ8xiIbrHtcw=="
    },
    "utils-merge": {
      "version": "1.0.0",
      "resolved": "https://registry.npmjs.org/utils-merge/-/utils-merge-1.0.0.tgz",
      "integrity": "sha512-HwU9SLQEtyo+0uoKXd1nkLqigUWLB+QuNQR4OcmB73eWqksM5ovuqcycks2x043W8XVb75rG1HQ0h93TMXkzQQ=="
    },
    "vk-io": {
      "version": "4.6.0",
      "resolved": "https://registry.npmjs.org/vk-io/-/vk-io-4.6.0.tgz",
      "integrity": "sha512-doP3RgFGbqH4NAWnXPSZxEa6IDjWZk16TEuV3UO70TSXqYDkQnWmwRmyOq/zgrtwtM1nKZ2/0HulYGcKY2/j/g==",
      "requires": {
        "abort-controller": "^3.0.0",
        "debug": "^4.3.4",
        "form-data-encoder": "^1.7.2",
        "formdata-node": "^4.3.2",
        "inspectable": "^1.2.1",
        "middleware-io": "^2.8.0",
        "node-fetch": "^3.2.4"
      },
      "dependencies": {
        "debug": {
          "version": "4.3.4",
          "resolved": "https://registry.npmjs.org/debug/-/debug-4.3.4.tgz",
          "integrity": "sha512-PRWFHuSU3eDtQJPvnNY7Jcket1j0t5OuOsFzPPzsekD52Zl8qUfFIPEiswXqIvHWGVHOgX+7G/vCNNhehwxfkQ==",
          "requires": {
            "ms": "2.1.2"
          }
        }
      }
    },
    "web-streams-polyfill": {
      "version": "4.0.0-beta.1",
      "resolved": "https://registry.npmjs.org/web-streams-polyfill/-/web-streams-polyfill-4.0.0-beta.1.tgz",
      "integrity": "sha512-3ux37gEX670UUphBF9AMCq8XM6iQ8Ac6A+DSRRjDoRBm1ufCkaCDdNVbaqq60PsEkdNlLKrGtv/YBP4EJXqNtQ=="
    },
    "window-size": {
      "version": "0.1.0",
      "resolved": "https://registry.npmjs.org/window-size/-/window-size-0.1.0.tgz",
      "integrity": "sha512-1pTPQDKTdd61ozlKGNCjhNRd+KPmgLSGa3mZTHoOliaGcESD8G1PXhh7c1fgiPjVbNVfgy2Faw4BI8/m0cC8Mg=="
    },
    "with": {
      "version": "3.0.1",
      "resolved": "https://registry.npmjs.org/with/-/with-3.0.1.tgz",
      "integrity": "sha512-kkmVGj873jXl71lBDCCoZ35tOOyUsMQv2XFmov8hS39PR5u8aTFyN7f0ZjOJ5QipflBdHGT5d9tpwBtBDrE7Ig==",
      "requires": {
        "uglify-js": "~2.4.12"
      }
    },
    "wordwrap": {
      "version": "0.0.2",
      "resolved": "https://registry.npmjs.org/wordwrap/-/wordwrap-0.0.2.tgz",
      "integrity": "sha512-xSBsCeh+g+dinoBv3GAOWM4LcVVO68wLXRanibtBSdUvkGWQRGeE9P7IwU9EmDDi4jA6L44lz15CGMwdw9N5+Q=="
    },
    "yargs": {
      "version": "3.5.4",
      "resolved": "https://registry.npmjs.org/yargs/-/yargs-3.5.4.tgz",
      "integrity": "sha512-5j382E4xQSs71p/xZQsU1PtRA2HXPAjX0E0DkoGLxwNASMOKX6A9doV1NrZmj85u2Pjquz402qonBzz/yLPbPA==",
      "requires": {
        "camelcase": "^1.0.2",
        "decamelize": "^1.0.0",
        "window-size": "0.1.0",
        "wordwrap": "0.0.2"
      }
    }
  }
}
